
Microsoft Visual Studio Solution File, Format Version 12.00
# Visual Studio 15
VisualStudioVersion = 15.0.27004.2002
MinimumVisualStudioVersion = 10.0.40219.1
Project("{FAE04EC0-301F-11D3-BF4B-00C04F79EFBC}") = "Algorithmic_trader", "Algorithmic_trader\Algorithmic_trader.csproj", "{78358FAA-C559-42A9-88EB-0F5ABE4251E5}"
EndProject
Global
	GlobalSection(SolutionConfigurationPlatforms) = preSolution
		Debug|Any CPU = Debug|Any CPU
		Release|Any CPU = Release|Any CPU
	EndGlobalSection
	GlobalSection(ProjectConfigurationPlatforms) = postSolution
		{78358FAA-C559-42A9-88EB-0F5ABE4251E5}.Debug|Any CPU.ActiveCfg = Debug|Any CPU
		{78358FAA-C559-42A9-88EB-0F5ABE4251E5}.Debug|Any CPU.Build.0 = Debug|Any CPU
		{78358FAA-C559-42A9-88EB-0F5ABE4251E5}.Release|Any CPU.ActiveCfg = Release|Any CPU
		{78358FAA-C559-42A9-88EB-0F5ABE4251E5}.Release|Any CPU.Build.0 = Release|Any CPU
	EndGlobalSection
	GlobalSection(SolutionProperties) = preSolution
		HideSolutionNode = FALSE
	EndGlobalSection
	GlobalSection(ExtensibilityGlobals) = postSolution
		SolutionGuid = {369133E3-28A4-4324-9016-8095D7631C02}
	EndGlobalSection
EndGlobal
